// !$*UTF8*$!
{
	archiveVersion = 1;
	classes = {
	};
	objectVersion = 52;
	objects = {

/* Begin PBXBuildFile section */
		55726464283BE10100578F96 /* UpcomingRace.swift in Sources */ = {isa = PBXBuildFile; fileRef = 55726463283BE10100578F96 /* UpcomingRace.swift */; };
		55726466283BE25800578F96 /* FinishedRace.swift in Sources */ = {isa = PBXBuildFile; fileRef = 55726465283BE25800578F96 /* FinishedRace.swift */; };
		558491B6284531ED0034401F /* SessionRowFinished.swift in Sources */ = {isa = PBXBuildFile; fileRef = 558491B5284531ED0034401F /* SessionRowFinished.swift */; };
		558491B92845397B0034401F /* SessionRowUpcoming.swift in Sources */ = {isa = PBXBuildFile; fileRef = 558491B82845397B0034401F /* SessionRowUpcoming.swift */; };
		55C68173276FD7110057E408 /* widgetNoSub.swift in Sources */ = {isa = PBXBuildFile; fileRef = 55C68172276FD7110057E408 /* widgetNoSub.swift */; };
		55F3EB9C27F4E81F004B3E0D /* ConfigureNotificationSessionView.swift in Sources */ = {isa = PBXBuildFile; fileRef = 55F3EB9B27F4E81F004B3E0D /* ConfigureNotificationSessionView.swift */; };
		55F3EB9E27F5036B004B3E0D /* SubscriptionOptions.swift in Sources */ = {isa = PBXBuildFile; fileRef = 55F3EB9D27F5036B004B3E0D /* SubscriptionOptions.swift */; };
		55F3EBA027F73C1B004B3E0D /* SessionListNoFilterView.swift in Sources */ = {isa = PBXBuildFile; fileRef = 55F3EB9F27F73C1B004B3E0D /* SessionListNoFilterView.swift */; };
		BB02D4F82571B25D003EAD83 /* ConfigurationNotificationRowView.swift in Sources */ = {isa = PBXBuildFile; fileRef = BB02D4F72571B25D003EAD83 /* ConfigurationNotificationRowView.swift */; };
		BB02D4FB257574D5003EAD83 /* ConfigurationSeriesRowView.swift in Sources */ = {isa = PBXBuildFile; fileRef = BB02D4FA257574D5003EAD83 /* ConfigurationSeriesRowView.swift */; };
		BB02D50025759027003EAD83 /* AdView.swift in Sources */ = {isa = PBXBuildFile; fileRef = BB02D4FF25759027003EAD83 /* AdView.swift */; };
		BB217EA325A9E710008B26AF /* MainView.swift in Sources */ = {isa = PBXBuildFile; fileRef = BB217EA225A9E710008B26AF /* MainView.swift */; };
		BB217EA625A9ED64008B26AF /* theracinglineSideBarView.swift in Sources */ = {isa = PBXBuildFile; fileRef = BB217EA525A9ED64008B26AF /* theracinglineSideBarView.swift */; };
		BB278624256EEE1000B545D8 /* NotificationController.swift in Sources */ = {isa = PBXBuildFile; fileRef = BB278623256EEE1000B545D8 /* NotificationController.swift */; };
		BB3741812586BF22008E96E7 /* StoreManager.swift in Sources */ = {isa = PBXBuildFile; fileRef = BB3741802586BF22008E96E7 /* StoreManager.swift */; };
		BB54CBE125608859008E7F28 /* SettingsListView.swift in Sources */ = {isa = PBXBuildFile; fileRef = BB54CBE025608859008E7F28 /* SettingsListView.swift */; };
		BB54CBE625608EA9008E7F28 /* SettingsRowView.swift in Sources */ = {isa = PBXBuildFile; fileRef = BB54CBE525608EA9008E7F28 /* SettingsRowView.swift */; };
		BB54CBE925609588008E7F28 /* BetaTestSettingsView.swift in Sources */ = {isa = PBXBuildFile; fileRef = BB54CBE825609588008E7F28 /* BetaTestSettingsView.swift */; };
		BB54CBEC2561648D008E7F28 /* SettingsDescriptionView.swift in Sources */ = {isa = PBXBuildFile; fileRef = BB54CBEB2561648D008E7F28 /* SettingsDescriptionView.swift */; };
		BB54CBF6256174D6008E7F28 /* SubscriptionLevelView.swift in Sources */ = {isa = PBXBuildFile; fileRef = BB54CBF5256174D6008E7F28 /* SubscriptionLevelView.swift */; };
		BB54CBF925617AEC008E7F28 /* SubscriptionLevelList.swift in Sources */ = {isa = PBXBuildFile; fileRef = BB54CBF825617AEC008E7F28 /* SubscriptionLevelList.swift */; };
		BB54CBFC25617F10008E7F28 /* ConfigureSeries.swift in Sources */ = {isa = PBXBuildFile; fileRef = BB54CBFB25617F10008E7F28 /* ConfigureSeries.swift */; };
		BB54CBFF25617F6D008E7F28 /* ConfigureNotificationSeriesView.swift in Sources */ = {isa = PBXBuildFile; fileRef = BB54CBFE25617F6D008E7F28 /* ConfigureNotificationSeriesView.swift */; };
		BB54CC0225617FA0008E7F28 /* CustomiseView.swift in Sources */ = {isa = PBXBuildFile; fileRef = BB54CC0125617FA0008E7F28 /* CustomiseView.swift */; };
		BB54CC0525618053008E7F28 /* AppSelectionView.swift in Sources */ = {isa = PBXBuildFile; fileRef = BB54CC0425618053008E7F28 /* AppSelectionView.swift */; };
		BB54CC0825618077008E7F28 /* CoffeeView.swift in Sources */ = {isa = PBXBuildFile; fileRef = BB54CC0725618077008E7F28 /* CoffeeView.swift */; };
		BB54CC0B256180CA008E7F28 /* PrivacyPolicyView.swift in Sources */ = {isa = PBXBuildFile; fileRef = BB54CC0A256180CA008E7F28 /* PrivacyPolicyView.swift */; };
		BB54CC0E256180FA008E7F28 /* TermsAndConditionsView.swift in Sources */ = {isa = PBXBuildFile; fileRef = BB54CC0D256180FA008E7F28 /* TermsAndConditionsView.swift */; };
		BB564A6625A7C608002311A9 /* StoreKit.framework in Frameworks */ = {isa = PBXBuildFile; fileRef = BB564A5E25A522C7002311A9 /* StoreKit.framework */; };
		BB6FD1A925A20193004F261D /* Keys.swift in Sources */ = {isa = PBXBuildFile; fileRef = BB6FD1A825A20193004F261D /* Keys.swift */; };
		BB781C1825619F5900186E74 /* SettingsLinkView.swift in Sources */ = {isa = PBXBuildFile; fileRef = BB781C1725619F5900186E74 /* SettingsLinkView.swift */; };
		BB78B75425F0085C0061E39A /* WidgetsFAQ.swift in Sources */ = {isa = PBXBuildFile; fileRef = BB78B75325F0085C0061E39A /* WidgetsFAQ.swift */; };
		BB8C9DD4256D9CC600D79892 /* MoreSeriesButton.swift in Sources */ = {isa = PBXBuildFile; fileRef = BB8C9DD3256D9CC600D79892 /* MoreSeriesButton.swift */; };
		BB8C9DD7256DB5C900D79892 /* SubscriptionSeriesList.swift in Sources */ = {isa = PBXBuildFile; fileRef = BB8C9DD6256DB5C900D79892 /* SubscriptionSeriesList.swift */; };
		BB8C9DDA256DBB5600D79892 /* theracinglineOnboarding.swift in Sources */ = {isa = PBXBuildFile; fileRef = BB8C9DD9256DBB5600D79892 /* theracinglineOnboarding.swift */; };
		BB97641425928C870075D740 /* TPInAppReceipt in Frameworks */ = {isa = PBXBuildFile; productRef = BB97641325928C870075D740 /* TPInAppReceipt */; };
		BBB275B92578285A0011FB58 /* Ad.swift in Sources */ = {isa = PBXBuildFile; fileRef = BBB275B82578285A0011FB58 /* Ad.swift */; };
		BBBA2D632560578100DC466A /* SettingsView.swift in Sources */ = {isa = PBXBuildFile; fileRef = BBBA2D622560578100DC466A /* SettingsView.swift */; };
		BBBA2D672560589400DC466A /* SettingsLabelView.swift in Sources */ = {isa = PBXBuildFile; fileRef = BBBA2D662560589400DC466A /* SettingsLabelView.swift */; };
		BBBF5D1F257C1C2F005F50F4 /* Reachability.swift in Sources */ = {isa = PBXBuildFile; fileRef = BBBF5D1E257C1C2E005F50F4 /* Reachability.swift */; };
		BBBFEE6E25B3B42100B95742 /* notification_3.aiff in Resources */ = {isa = PBXBuildFile; fileRef = BBBFEE6925B3B42100B95742 /* notification_3.aiff */; };
		BBBFEE6F25B3B42100B95742 /* notification_1.aiff in Resources */ = {isa = PBXBuildFile; fileRef = BBBFEE6A25B3B42100B95742 /* notification_1.aiff */; };
		BBBFEE7025B3B42100B95742 /* notification_2.aiff in Resources */ = {isa = PBXBuildFile; fileRef = BBBFEE6B25B3B42100B95742 /* notification_2.aiff */; };
		BBBFEE7125B3B42100B95742 /* flyby_notification_bell.aiff in Resources */ = {isa = PBXBuildFile; fileRef = BBBFEE6C25B3B42100B95742 /* flyby_notification_bell.aiff */; };
		BBBFEE7225B3B42100B95742 /* flyby_notification_no_bell.aiff in Resources */ = {isa = PBXBuildFile; fileRef = BBBFEE6D25B3B42100B95742 /* flyby_notification_no_bell.aiff */; };
		BBBFEE7525B4494A00B95742 /* ConfigureSoundsView.swift in Sources */ = {isa = PBXBuildFile; fileRef = BBBFEE7425B4494A00B95742 /* ConfigureSoundsView.swift */; };
		BBBFEE7F25B61A6700B95742 /* WidgetKit.framework in Frameworks */ = {isa = PBXBuildFile; fileRef = BBBFEE7E25B61A6700B95742 /* WidgetKit.framework */; };
		BBBFEE8125B61A6700B95742 /* SwiftUI.framework in Frameworks */ = {isa = PBXBuildFile; fileRef = BBBFEE8025B61A6700B95742 /* SwiftUI.framework */; };
		BBBFEE8425B61A6700B95742 /* theracingline_widget.swift in Sources */ = {isa = PBXBuildFile; fileRef = BBBFEE8325B61A6700B95742 /* theracingline_widget.swift */; };
		BBBFEE8625B61A6800B95742 /* Assets.xcassets in Resources */ = {isa = PBXBuildFile; fileRef = BBBFEE8525B61A6800B95742 /* Assets.xcassets */; };
		BBBFEE8A25B61A6800B95742 /* theracingline-widgetExtension.appex in Embed App Extensions */ = {isa = PBXBuildFile; fileRef = BBBFEE7D25B61A6700B95742 /* theracingline-widgetExtension.appex */; settings = {ATTRIBUTES = (RemoveHeadersOnCopy, ); }; };
		BBBFEE9125B61CA000B95742 /* Session.swift in Sources */ = {isa = PBXBuildFile; fileRef = BBD3A2B0255DD4E5005C19BB /* Session.swift */; };
		BBBFEE9425B61D6300B95742 /* DataController.swift in Sources */ = {isa = PBXBuildFile; fileRef = BBD3A2B4255DDA03005C19BB /* DataController.swift */; };
		BBBFEE9725B61D8C00B95742 /* Keys.swift in Sources */ = {isa = PBXBuildFile; fileRef = BB6FD1A825A20193004F261D /* Keys.swift */; };
		BBBFEE9B25B61DB500B95742 /* SwiftDate in Frameworks */ = {isa = PBXBuildFile; productRef = BBBFEE9A25B61DB500B95742 /* SwiftDate */; };
		BBC6BD732618F8F3009BA4D6 /* Assets.xcassets in Resources */ = {isa = PBXBuildFile; fileRef = BBC6BD722618F8F3009BA4D6 /* Assets.xcassets */; };
		BBC6BD7A2618F8F3009BA4D6 /* TheRacingLineWatch Extension.appex in Embed App Extensions */ = {isa = PBXBuildFile; fileRef = BBC6BD792618F8F3009BA4D6 /* TheRacingLineWatch Extension.appex */; settings = {ATTRIBUTES = (RemoveHeadersOnCopy, ); }; };
		BBC6BD7F2618F8F3009BA4D6 /* theracinglineApp.swift in Sources */ = {isa = PBXBuildFile; fileRef = BBC6BD7E2618F8F3009BA4D6 /* theracinglineApp.swift */; };
		BBC6BD812618F8F3009BA4D6 /* ContentView.swift in Sources */ = {isa = PBXBuildFile; fileRef = BBC6BD802618F8F3009BA4D6 /* ContentView.swift */; };
		BBC6BD832618F8F3009BA4D6 /* NotificationController.swift in Sources */ = {isa = PBXBuildFile; fileRef = BBC6BD822618F8F3009BA4D6 /* NotificationController.swift */; };
		BBC6BD852618F8F3009BA4D6 /* NotificationView.swift in Sources */ = {isa = PBXBuildFile; fileRef = BBC6BD842618F8F3009BA4D6 /* NotificationView.swift */; };
		BBC6BD872618F8F3009BA4D6 /* ComplicationController.swift in Sources */ = {isa = PBXBuildFile; fileRef = BBC6BD862618F8F3009BA4D6 /* ComplicationController.swift */; };
		BBC6BD892618F8F4009BA4D6 /* Assets.xcassets in Resources */ = {isa = PBXBuildFile; fileRef = BBC6BD882618F8F4009BA4D6 /* Assets.xcassets */; };
		BBC6BD8C2618F8F4009BA4D6 /* Preview Assets.xcassets in Resources */ = {isa = PBXBuildFile; fileRef = BBC6BD8B2618F8F4009BA4D6 /* Preview Assets.xcassets */; };
		BBC6BD912618F8F4009BA4D6 /* TheRacingLineWatch.app in Embed Watch Content */ = {isa = PBXBuildFile; fileRef = BBC6BD702618F8F0009BA4D6 /* TheRacingLineWatch.app */; settings = {ATTRIBUTES = (RemoveHeadersOnCopy, ); }; };
		BBC6BD9F2618FB2D009BA4D6 /* WatchListView.swift in Sources */ = {isa = PBXBuildFile; fileRef = BBC6BD9E2618FB2D009BA4D6 /* WatchListView.swift */; };
		BBC6BDA42618FB61009BA4D6 /* Session.swift in Sources */ = {isa = PBXBuildFile; fileRef = BBD3A2B0255DD4E5005C19BB /* Session.swift */; };
		BBC6BDAA2618FBC6009BA4D6 /* SwiftDate in Frameworks */ = {isa = PBXBuildFile; productRef = BBC6BDA92618FBC6009BA4D6 /* SwiftDate */; };
		BBC6BDB52619ED09009BA4D6 /* PhoneToWatchDataController.swift in Sources */ = {isa = PBXBuildFile; fileRef = BBC6BDAF2619ECE8009BA4D6 /* PhoneToWatchDataController.swift */; };
		BBC6BDC32619F333009BA4D6 /* PhoneToWatchDataController.swift in Sources */ = {isa = PBXBuildFile; fileRef = BBC6BDAF2619ECE8009BA4D6 /* PhoneToWatchDataController.swift */; };
		BBC6BDD92619FC5B009BA4D6 /* WatchToPhoneDataController.swift in Sources */ = {isa = PBXBuildFile; fileRef = BBC6BDD82619FC5B009BA4D6 /* WatchToPhoneDataController.swift */; };
		BBC6BE2F261CD3BD009BA4D6 /* InfoView.swift in Sources */ = {isa = PBXBuildFile; fileRef = BBC6BE2E261CD3BD009BA4D6 /* InfoView.swift */; };
		BBD3A29F255DD1FB005C19BB /* theracinglineApp.swift in Sources */ = {isa = PBXBuildFile; fileRef = BBD3A29E255DD1FB005C19BB /* theracinglineApp.swift */; };
		BBD3A2A1255DD1FB005C19BB /* theracinglineHomeView.swift in Sources */ = {isa = PBXBuildFile; fileRef = BBD3A2A0255DD1FB005C19BB /* theracinglineHomeView.swift */; };
		BBD3A2A3255DD1FB005C19BB /* Assets.xcassets in Resources */ = {isa = PBXBuildFile; fileRef = BBD3A2A2255DD1FB005C19BB /* Assets.xcassets */; };
		BBD3A2A6255DD1FB005C19BB /* Preview Assets.xcassets in Resources */ = {isa = PBXBuildFile; fileRef = BBD3A2A5255DD1FB005C19BB /* Preview Assets.xcassets */; };
		BBD3A2B1255DD4E5005C19BB /* Session.swift in Sources */ = {isa = PBXBuildFile; fileRef = BBD3A2B0255DD4E5005C19BB /* Session.swift */; };
		BBD3A2B5255DDA03005C19BB /* DataController.swift in Sources */ = {isa = PBXBuildFile; fileRef = BBD3A2B4255DDA03005C19BB /* DataController.swift */; };
		BBD3A2BA255DDFB0005C19BB /* SwiftDate in Frameworks */ = {isa = PBXBuildFile; productRef = BBD3A2B9255DDFB0005C19BB /* SwiftDate */; };
		BBD3A2BE255DE377005C19BB /* TodayView.swift in Sources */ = {isa = PBXBuildFile; fileRef = BBD3A2BD255DE377005C19BB /* TodayView.swift */; };
		BBD3A2C2255DE5E0005C19BB /* SessionListView.swift in Sources */ = {isa = PBXBuildFile; fileRef = BBD3A2C1255DE5E0005C19BB /* SessionListView.swift */; };
		BBD3A2C5255DE8CA005C19BB /* SessionRowView.swift in Sources */ = {isa = PBXBuildFile; fileRef = BBD3A2C4255DE8CA005C19BB /* SessionRowView.swift */; };
		BBD3A2C9255DFE0F005C19BB /* ThisWeekView.swift in Sources */ = {isa = PBXBuildFile; fileRef = BBD3A2C8255DFE0F005C19BB /* ThisWeekView.swift */; };
		BBD3A2CD255DFEB2005C19BB /* AllRacesView.swift in Sources */ = {isa = PBXBuildFile; fileRef = BBD3A2CC255DFEB2005C19BB /* AllRacesView.swift */; };
		BBD3A2D0255E8DE0005C19BB /* SeriesListView.swift in Sources */ = {isa = PBXBuildFile; fileRef = BBD3A2CF255E8DE0005C19BB /* SeriesListView.swift */; };
		BBD3A2D3255E906E005C19BB /* SeriesRowView.swift in Sources */ = {isa = PBXBuildFile; fileRef = BBD3A2D2255E906E005C19BB /* SeriesRowView.swift */; };
		BBD3A2D6255E9A2C005C19BB /* AllSeriesView.swift in Sources */ = {isa = PBXBuildFile; fileRef = BBD3A2D5255E9A2C005C19BB /* AllSeriesView.swift */; };
		BBD3A2DF255EA502005C19BB /* SeriesSessionRowView.swift in Sources */ = {isa = PBXBuildFile; fileRef = BBD3A2DE255EA502005C19BB /* SeriesSessionRowView.swift */; };
		BBD3A2E2255EA621005C19BB /* SeriesSessionListView.swift in Sources */ = {isa = PBXBuildFile; fileRef = BBD3A2E1255EA621005C19BB /* SeriesSessionListView.swift */; };
		BBE0B02E26FFB493003CE0B4 /* FilterView.swift in Sources */ = {isa = PBXBuildFile; fileRef = BBE0B02D26FFB493003CE0B4 /* FilterView.swift */; };
		BBE1B82D25A0BA7F00BB9D23 /* FAQView.swift in Sources */ = {isa = PBXBuildFile; fileRef = BBE1B82C25A0BA7F00BB9D23 /* FAQView.swift */; };
		BBE5DE5925E6DA8B00B4F93C /* widgetNoRaces.swift in Sources */ = {isa = PBXBuildFile; fileRef = BBE5DE5825E6DA8B00B4F93C /* widgetNoRaces.swift */; };
		BBE5DE6925E6E12500B4F93C /* dotsRow.swift in Sources */ = {isa = PBXBuildFile; fileRef = BBE5DE6825E6E12500B4F93C /* dotsRow.swift */; };
		BBE68A412579857C00208B3B /* TimePickerView.swift in Sources */ = {isa = PBXBuildFile; fileRef = BBE68A402579857C00208B3B /* TimePickerView.swift */; };
		BBE68A452579A35E00208B3B /* ConfigureNotificationTimeView.swift in Sources */ = {isa = PBXBuildFile; fileRef = BBE68A442579A35E00208B3B /* ConfigureNotificationTimeView.swift */; };
		BBE68A482579A82900208B3B /* ConfigureNotificationView.swift in Sources */ = {isa = PBXBuildFile; fileRef = BBE68A472579A82900208B3B /* ConfigureNotificationView.swift */; };
/* End PBXBuildFile section */

/* Begin PBXContainerItemProxy section */
		BBBFEE8825B61A6800B95742 /* PBXContainerItemProxy */ = {
			isa = PBXContainerItemProxy;
			containerPortal = BBD3A293255DD1FB005C19BB /* Project object */;
			proxyType = 1;
			remoteGlobalIDString = BBBFEE7C25B61A6700B95742;
			remoteInfo = "theracingline-widgetExtension";
		};
		BBC6BD7B2618F8F3009BA4D6 /* PBXContainerItemProxy */ = {
			isa = PBXContainerItemProxy;
			containerPortal = BBD3A293255DD1FB005C19BB /* Project object */;
			proxyType = 1;
			remoteGlobalIDString = BBC6BD782618F8F3009BA4D6;
			remoteInfo = "TheRacingLineWatch Extension";
		};
		BBC6BD8F2618F8F4009BA4D6 /* PBXContainerItemProxy */ = {
			isa = PBXContainerItemProxy;
			containerPortal = BBD3A293255DD1FB005C19BB /* Project object */;
			proxyType = 1;
			remoteGlobalIDString = BBC6BD6F2618F8F0009BA4D6;
			remoteInfo = TheRacingLineWatch;
		};
/* End PBXContainerItemProxy section */

/* Begin PBXCopyFilesBuildPhase section */
		BBBFEE8E25B61A6800B95742 /* Embed App Extensions */ = {
			isa = PBXCopyFilesBuildPhase;
			buildActionMask = 2147483647;
			dstPath = "";
			dstSubfolderSpec = 13;
			files = (
				BBBFEE8A25B61A6800B95742 /* theracingline-widgetExtension.appex in Embed App Extensions */,
			);
			name = "Embed App Extensions";
			runOnlyForDeploymentPostprocessing = 0;
		};
		BBC6BD952618F8F4009BA4D6 /* Embed App Extensions */ = {
			isa = PBXCopyFilesBuildPhase;
			buildActionMask = 2147483647;
			dstPath = "";
			dstSubfolderSpec = 13;
			files = (
				BBC6BD7A2618F8F3009BA4D6 /* TheRacingLineWatch Extension.appex in Embed App Extensions */,
			);
			name = "Embed App Extensions";
			runOnlyForDeploymentPostprocessing = 0;
		};
		BBC6BD992618F8F4009BA4D6 /* Embed Watch Content */ = {
			isa = PBXCopyFilesBuildPhase;
			buildActionMask = 2147483647;
			dstPath = "$(CONTENTS_FOLDER_PATH)/Watch";
			dstSubfolderSpec = 16;
			files = (
				BBC6BD912618F8F4009BA4D6 /* TheRacingLineWatch.app in Embed Watch Content */,
			);
			name = "Embed Watch Content";
			runOnlyForDeploymentPostprocessing = 0;
		};
/* End PBXCopyFilesBuildPhase section */

/* Begin PBXFileReference section */
		55726463283BE10100578F96 /* UpcomingRace.swift */ = {isa = PBXFileReference; lastKnownFileType = sourcecode.swift; path = UpcomingRace.swift; sourceTree = "<group>"; };
		55726465283BE25800578F96 /* FinishedRace.swift */ = {isa = PBXFileReference; lastKnownFileType = sourcecode.swift; path = FinishedRace.swift; sourceTree = "<group>"; };
		558491B5284531ED0034401F /* SessionRowFinished.swift */ = {isa = PBXFileReference; lastKnownFileType = sourcecode.swift; path = SessionRowFinished.swift; sourceTree = "<group>"; };
		558491B82845397B0034401F /* SessionRowUpcoming.swift */ = {isa = PBXFileReference; lastKnownFileType = sourcecode.swift; path = SessionRowUpcoming.swift; sourceTree = "<group>"; };
		55C68172276FD7110057E408 /* widgetNoSub.swift */ = {isa = PBXFileReference; lastKnownFileType = sourcecode.swift; path = widgetNoSub.swift; sourceTree = "<group>"; };
		55F3EB9B27F4E81F004B3E0D /* ConfigureNotificationSessionView.swift */ = {isa = PBXFileReference; lastKnownFileType = sourcecode.swift; path = ConfigureNotificationSessionView.swift; sourceTree = "<group>"; };
		55F3EB9D27F5036B004B3E0D /* SubscriptionOptions.swift */ = {isa = PBXFileReference; lastKnownFileType = sourcecode.swift; path = SubscriptionOptions.swift; sourceTree = "<group>"; };
		55F3EB9F27F73C1B004B3E0D /* SessionListNoFilterView.swift */ = {isa = PBXFileReference; lastKnownFileType = sourcecode.swift; path = SessionListNoFilterView.swift; sourceTree = "<group>"; };
		BB02D4F72571B25D003EAD83 /* ConfigurationNotificationRowView.swift */ = {isa = PBXFileReference; lastKnownFileType = sourcecode.swift; path = ConfigurationNotificationRowView.swift; sourceTree = "<group>"; };
		BB02D4FA257574D5003EAD83 /* ConfigurationSeriesRowView.swift */ = {isa = PBXFileReference; lastKnownFileType = sourcecode.swift; path = ConfigurationSeriesRowView.swift; sourceTree = "<group>"; };
		BB02D4FF25759027003EAD83 /* AdView.swift */ = {isa = PBXFileReference; lastKnownFileType = sourcecode.swift; path = AdView.swift; sourceTree = "<group>"; };
		BB217EA225A9E710008B26AF /* MainView.swift */ = {isa = PBXFileReference; lastKnownFileType = sourcecode.swift; path = MainView.swift; sourceTree = "<group>"; };
		BB217EA525A9ED64008B26AF /* theracinglineSideBarView.swift */ = {isa = PBXFileReference; lastKnownFileType = sourcecode.swift; path = theracinglineSideBarView.swift; sourceTree = "<group>"; };
		BB217EA925AA0279008B26AF /* theracingline.entitlements */ = {isa = PBXFileReference; lastKnownFileType = text.plist.entitlements; path = theracingline.entitlements; sourceTree = "<group>"; };
		BB278623256EEE1000B545D8 /* NotificationController.swift */ = {isa = PBXFileReference; lastKnownFileType = sourcecode.swift; path = NotificationController.swift; sourceTree = "<group>"; };
		BB3741802586BF22008E96E7 /* StoreManager.swift */ = {isa = PBXFileReference; lastKnownFileType = sourcecode.swift; path = StoreManager.swift; sourceTree = "<group>"; };
		BB54CBE025608859008E7F28 /* SettingsListView.swift */ = {isa = PBXFileReference; lastKnownFileType = sourcecode.swift; path = SettingsListView.swift; sourceTree = "<group>"; };
		BB54CBE525608EA9008E7F28 /* SettingsRowView.swift */ = {isa = PBXFileReference; lastKnownFileType = sourcecode.swift; path = SettingsRowView.swift; sourceTree = "<group>"; };
		BB54CBE825609588008E7F28 /* BetaTestSettingsView.swift */ = {isa = PBXFileReference; lastKnownFileType = sourcecode.swift; path = BetaTestSettingsView.swift; sourceTree = "<group>"; };
		BB54CBEB2561648D008E7F28 /* SettingsDescriptionView.swift */ = {isa = PBXFileReference; lastKnownFileType = sourcecode.swift; path = SettingsDescriptionView.swift; sourceTree = "<group>"; };
		BB54CBF5256174D6008E7F28 /* SubscriptionLevelView.swift */ = {isa = PBXFileReference; lastKnownFileType = sourcecode.swift; path = SubscriptionLevelView.swift; sourceTree = "<group>"; };
		BB54CBF825617AEC008E7F28 /* SubscriptionLevelList.swift */ = {isa = PBXFileReference; lastKnownFileType = sourcecode.swift; path = SubscriptionLevelList.swift; sourceTree = "<group>"; };
		BB54CBFB25617F10008E7F28 /* ConfigureSeries.swift */ = {isa = PBXFileReference; lastKnownFileType = sourcecode.swift; path = ConfigureSeries.swift; sourceTree = "<group>"; };
		BB54CBFE25617F6D008E7F28 /* ConfigureNotificationSeriesView.swift */ = {isa = PBXFileReference; lastKnownFileType = sourcecode.swift; path = ConfigureNotificationSeriesView.swift; sourceTree = "<group>"; };
		BB54CC0125617FA0008E7F28 /* CustomiseView.swift */ = {isa = PBXFileReference; lastKnownFileType = sourcecode.swift; path = CustomiseView.swift; sourceTree = "<group>"; };
		BB54CC0425618053008E7F28 /* AppSelectionView.swift */ = {isa = PBXFileReference; lastKnownFileType = sourcecode.swift; path = AppSelectionView.swift; sourceTree = "<group>"; };
		BB54CC0725618077008E7F28 /* CoffeeView.swift */ = {isa = PBXFileReference; lastKnownFileType = sourcecode.swift; path = CoffeeView.swift; sourceTree = "<group>"; };
		BB54CC0A256180CA008E7F28 /* PrivacyPolicyView.swift */ = {isa = PBXFileReference; lastKnownFileType = sourcecode.swift; path = PrivacyPolicyView.swift; sourceTree = "<group>"; };
		BB54CC0D256180FA008E7F28 /* TermsAndConditionsView.swift */ = {isa = PBXFileReference; lastKnownFileType = sourcecode.swift; path = TermsAndConditionsView.swift; sourceTree = "<group>"; };
		BB564A5E25A522C7002311A9 /* StoreKit.framework */ = {isa = PBXFileReference; lastKnownFileType = wrapper.framework; name = StoreKit.framework; path = System/Library/Frameworks/StoreKit.framework; sourceTree = SDKROOT; };
		BB6FD1A825A20193004F261D /* Keys.swift */ = {isa = PBXFileReference; lastKnownFileType = sourcecode.swift; path = Keys.swift; sourceTree = "<group>"; };
		BB781C1725619F5900186E74 /* SettingsLinkView.swift */ = {isa = PBXFileReference; lastKnownFileType = sourcecode.swift; path = SettingsLinkView.swift; sourceTree = "<group>"; };
		BB78B75325F0085C0061E39A /* WidgetsFAQ.swift */ = {isa = PBXFileReference; lastKnownFileType = sourcecode.swift; path = WidgetsFAQ.swift; sourceTree = "<group>"; };
		BB8C9DD3256D9CC600D79892 /* MoreSeriesButton.swift */ = {isa = PBXFileReference; lastKnownFileType = sourcecode.swift; path = MoreSeriesButton.swift; sourceTree = "<group>"; };
		BB8C9DD6256DB5C900D79892 /* SubscriptionSeriesList.swift */ = {isa = PBXFileReference; lastKnownFileType = sourcecode.swift; path = SubscriptionSeriesList.swift; sourceTree = "<group>"; };
		BB8C9DD9256DBB5600D79892 /* theracinglineOnboarding.swift */ = {isa = PBXFileReference; lastKnownFileType = sourcecode.swift; path = theracinglineOnboarding.swift; sourceTree = "<group>"; };
		BBB275B82578285A0011FB58 /* Ad.swift */ = {isa = PBXFileReference; lastKnownFileType = sourcecode.swift; path = Ad.swift; sourceTree = "<group>"; };
		BBBA2D622560578100DC466A /* SettingsView.swift */ = {isa = PBXFileReference; lastKnownFileType = sourcecode.swift; path = SettingsView.swift; sourceTree = "<group>"; };
		BBBA2D662560589400DC466A /* SettingsLabelView.swift */ = {isa = PBXFileReference; lastKnownFileType = sourcecode.swift; path = SettingsLabelView.swift; sourceTree = "<group>"; };
		BBBF5D1E257C1C2E005F50F4 /* Reachability.swift */ = {isa = PBXFileReference; lastKnownFileType = sourcecode.swift; path = Reachability.swift; sourceTree = "<group>"; };
		BBBFEE6925B3B42100B95742 /* notification_3.aiff */ = {isa = PBXFileReference; lastKnownFileType = audio.aiff; path = notification_3.aiff; sourceTree = "<group>"; };
		BBBFEE6A25B3B42100B95742 /* notification_1.aiff */ = {isa = PBXFileReference; lastKnownFileType = audio.aiff; path = notification_1.aiff; sourceTree = "<group>"; };
		BBBFEE6B25B3B42100B95742 /* notification_2.aiff */ = {isa = PBXFileReference; lastKnownFileType = audio.aiff; path = notification_2.aiff; sourceTree = "<group>"; };
		BBBFEE6C25B3B42100B95742 /* flyby_notification_bell.aiff */ = {isa = PBXFileReference; lastKnownFileType = audio.aiff; path = flyby_notification_bell.aiff; sourceTree = "<group>"; };
		BBBFEE6D25B3B42100B95742 /* flyby_notification_no_bell.aiff */ = {isa = PBXFileReference; lastKnownFileType = audio.aiff; path = flyby_notification_no_bell.aiff; sourceTree = "<group>"; };
		BBBFEE7425B4494A00B95742 /* ConfigureSoundsView.swift */ = {isa = PBXFileReference; lastKnownFileType = sourcecode.swift; path = ConfigureSoundsView.swift; sourceTree = "<group>"; };
		BBBFEE7D25B61A6700B95742 /* theracingline-widgetExtension.appex */ = {isa = PBXFileReference; explicitFileType = "wrapper.app-extension"; includeInIndex = 0; path = "theracingline-widgetExtension.appex"; sourceTree = BUILT_PRODUCTS_DIR; };
		BBBFEE7E25B61A6700B95742 /* WidgetKit.framework */ = {isa = PBXFileReference; lastKnownFileType = wrapper.framework; name = WidgetKit.framework; path = System/Library/Frameworks/WidgetKit.framework; sourceTree = SDKROOT; };
		BBBFEE8025B61A6700B95742 /* SwiftUI.framework */ = {isa = PBXFileReference; lastKnownFileType = wrapper.framework; name = SwiftUI.framework; path = System/Library/Frameworks/SwiftUI.framework; sourceTree = SDKROOT; };
		BBBFEE8325B61A6700B95742 /* theracingline_widget.swift */ = {isa = PBXFileReference; lastKnownFileType = sourcecode.swift; path = theracingline_widget.swift; sourceTree = "<group>"; };
		BBBFEE8525B61A6800B95742 /* Assets.xcassets */ = {isa = PBXFileReference; lastKnownFileType = folder.assetcatalog; path = Assets.xcassets; sourceTree = "<group>"; };
		BBBFEE8725B61A6800B95742 /* Info.plist */ = {isa = PBXFileReference; lastKnownFileType = text.plist.xml; path = Info.plist; sourceTree = "<group>"; };
		BBBFEE9E25BA210800B95742 /* theracingline-widgetExtension.entitlements */ = {isa = PBXFileReference; lastKnownFileType = text.plist.entitlements; path = "theracingline-widgetExtension.entitlements"; sourceTree = "<group>"; };
		BBC6BD702618F8F0009BA4D6 /* TheRacingLineWatch.app */ = {isa = PBXFileReference; explicitFileType = wrapper.application; includeInIndex = 0; path = TheRacingLineWatch.app; sourceTree = BUILT_PRODUCTS_DIR; };
		BBC6BD722618F8F3009BA4D6 /* Assets.xcassets */ = {isa = PBXFileReference; lastKnownFileType = folder.assetcatalog; path = Assets.xcassets; sourceTree = "<group>"; };
		BBC6BD742618F8F3009BA4D6 /* Info.plist */ = {isa = PBXFileReference; lastKnownFileType = text.plist.xml; path = Info.plist; sourceTree = "<group>"; };
		BBC6BD792618F8F3009BA4D6 /* TheRacingLineWatch Extension.appex */ = {isa = PBXFileReference; explicitFileType = "wrapper.app-extension"; includeInIndex = 0; path = "TheRacingLineWatch Extension.appex"; sourceTree = BUILT_PRODUCTS_DIR; };
		BBC6BD7E2618F8F3009BA4D6 /* theracinglineApp.swift */ = {isa = PBXFileReference; lastKnownFileType = sourcecode.swift; path = theracinglineApp.swift; sourceTree = "<group>"; };
		BBC6BD802618F8F3009BA4D6 /* ContentView.swift */ = {isa = PBXFileReference; lastKnownFileType = sourcecode.swift; path = ContentView.swift; sourceTree = "<group>"; };
		BBC6BD822618F8F3009BA4D6 /* NotificationController.swift */ = {isa = PBXFileReference; lastKnownFileType = sourcecode.swift; path = NotificationController.swift; sourceTree = "<group>"; };
		BBC6BD842618F8F3009BA4D6 /* NotificationView.swift */ = {isa = PBXFileReference; lastKnownFileType = sourcecode.swift; path = NotificationView.swift; sourceTree = "<group>"; };
		BBC6BD862618F8F3009BA4D6 /* ComplicationController.swift */ = {isa = PBXFileReference; lastKnownFileType = sourcecode.swift; path = ComplicationController.swift; sourceTree = "<group>"; };
		BBC6BD882618F8F4009BA4D6 /* Assets.xcassets */ = {isa = PBXFileReference; lastKnownFileType = folder.assetcatalog; path = Assets.xcassets; sourceTree = "<group>"; };
		BBC6BD8B2618F8F4009BA4D6 /* Preview Assets.xcassets */ = {isa = PBXFileReference; lastKnownFileType = folder.assetcatalog; path = "Preview Assets.xcassets"; sourceTree = "<group>"; };
		BBC6BD8D2618F8F4009BA4D6 /* Info.plist */ = {isa = PBXFileReference; lastKnownFileType = text.plist.xml; path = Info.plist; sourceTree = "<group>"; };
		BBC6BD8E2618F8F4009BA4D6 /* PushNotificationPayload.apns */ = {isa = PBXFileReference; lastKnownFileType = text; path = PushNotificationPayload.apns; sourceTree = "<group>"; };
		BBC6BD9E2618FB2D009BA4D6 /* WatchListView.swift */ = {isa = PBXFileReference; lastKnownFileType = sourcecode.swift; path = WatchListView.swift; sourceTree = "<group>"; };
		BBC6BDAF2619ECE8009BA4D6 /* PhoneToWatchDataController.swift */ = {isa = PBXFileReference; lastKnownFileType = sourcecode.swift; path = PhoneToWatchDataController.swift; sourceTree = "<group>"; };
		BBC6BDD82619FC5B009BA4D6 /* WatchToPhoneDataController.swift */ = {isa = PBXFileReference; lastKnownFileType = sourcecode.swift; path = WatchToPhoneDataController.swift; sourceTree = "<group>"; };
		BBC6BE2E261CD3BD009BA4D6 /* InfoView.swift */ = {isa = PBXFileReference; lastKnownFileType = sourcecode.swift; path = InfoView.swift; sourceTree = "<group>"; };
		BBD3A29B255DD1FB005C19BB /* theracingline-iOS.app */ = {isa = PBXFileReference; explicitFileType = wrapper.application; includeInIndex = 0; path = "theracingline-iOS.app"; sourceTree = BUILT_PRODUCTS_DIR; };
		BBD3A29E255DD1FB005C19BB /* theracinglineApp.swift */ = {isa = PBXFileReference; lastKnownFileType = sourcecode.swift; path = theracinglineApp.swift; sourceTree = "<group>"; };
		BBD3A2A0255DD1FB005C19BB /* theracinglineHomeView.swift */ = {isa = PBXFileReference; lastKnownFileType = sourcecode.swift; path = theracinglineHomeView.swift; sourceTree = "<group>"; };
		BBD3A2A2255DD1FB005C19BB /* Assets.xcassets */ = {isa = PBXFileReference; lastKnownFileType = folder.assetcatalog; path = Assets.xcassets; sourceTree = "<group>"; };
		BBD3A2A5255DD1FB005C19BB /* Preview Assets.xcassets */ = {isa = PBXFileReference; lastKnownFileType = folder.assetcatalog; path = "Preview Assets.xcassets"; sourceTree = "<group>"; };
		BBD3A2A7255DD1FB005C19BB /* Info.plist */ = {isa = PBXFileReference; lastKnownFileType = text.plist.xml; path = Info.plist; sourceTree = "<group>"; };
		BBD3A2B0255DD4E5005C19BB /* Session.swift */ = {isa = PBXFileReference; lastKnownFileType = sourcecode.swift; path = Session.swift; sourceTree = "<group>"; };
		BBD3A2B4255DDA03005C19BB /* DataController.swift */ = {isa = PBXFileReference; lastKnownFileType = sourcecode.swift; path = DataController.swift; sourceTree = "<group>"; };
		BBD3A2BD255DE377005C19BB /* TodayView.swift */ = {isa = PBXFileReference; lastKnownFileType = sourcecode.swift; path = TodayView.swift; sourceTree = "<group>"; };
		BBD3A2C1255DE5E0005C19BB /* SessionListView.swift */ = {isa = PBXFileReference; lastKnownFileType = sourcecode.swift; path = SessionListView.swift; sourceTree = "<group>"; };
		BBD3A2C4255DE8CA005C19BB /* SessionRowView.swift */ = {isa = PBXFileReference; lastKnownFileType = sourcecode.swift; path = SessionRowView.swift; sourceTree = "<group>"; };
		BBD3A2C8255DFE0F005C19BB /* ThisWeekView.swift */ = {isa = PBXFileReference; lastKnownFileType = sourcecode.swift; path = ThisWeekView.swift; sourceTree = "<group>"; };
		BBD3A2CC255DFEB2005C19BB /* AllRacesView.swift */ = {isa = PBXFileReference; lastKnownFileType = sourcecode.swift; path = AllRacesView.swift; sourceTree = "<group>"; };
		BBD3A2CF255E8DE0005C19BB /* SeriesListView.swift */ = {isa = PBXFileReference; lastKnownFileType = sourcecode.swift; path = SeriesListView.swift; sourceTree = "<group>"; };
		BBD3A2D2255E906E005C19BB /* SeriesRowView.swift */ = {isa = PBXFileReference; lastKnownFileType = sourcecode.swift; path = SeriesRowView.swift; sourceTree = "<group>"; };
		BBD3A2D5255E9A2C005C19BB /* AllSeriesView.swift */ = {isa = PBXFileReference; lastKnownFileType = sourcecode.swift; path = AllSeriesView.swift; sourceTree = "<group>"; };
		BBD3A2DE255EA502005C19BB /* SeriesSessionRowView.swift */ = {isa = PBXFileReference; lastKnownFileType = sourcecode.swift; path = SeriesSessionRowView.swift; sourceTree = "<group>"; };
		BBD3A2E1255EA621005C19BB /* SeriesSessionListView.swift */ = {isa = PBXFileReference; lastKnownFileType = sourcecode.swift; path = SeriesSessionListView.swift; sourceTree = "<group>"; };
		BBE0B02D26FFB493003CE0B4 /* FilterView.swift */ = {isa = PBXFileReference; lastKnownFileType = sourcecode.swift; path = FilterView.swift; sourceTree = "<group>"; };
		BBE1B82C25A0BA7F00BB9D23 /* FAQView.swift */ = {isa = PBXFileReference; lastKnownFileType = sourcecode.swift; path = FAQView.swift; sourceTree = "<group>"; };
		BBE5DE5825E6DA8B00B4F93C /* widgetNoRaces.swift */ = {isa = PBXFileReference; lastKnownFileType = sourcecode.swift; path = widgetNoRaces.swift; sourceTree = "<group>"; };
		BBE5DE6825E6E12500B4F93C /* dotsRow.swift */ = {isa = PBXFileReference; lastKnownFileType = sourcecode.swift; path = dotsRow.swift; sourceTree = "<group>"; };
		BBE68A402579857C00208B3B /* TimePickerView.swift */ = {isa = PBXFileReference; lastKnownFileType = sourcecode.swift; path = TimePickerView.swift; sourceTree = "<group>"; };
		BBE68A442579A35E00208B3B /* ConfigureNotificationTimeView.swift */ = {isa = PBXFileReference; lastKnownFileType = sourcecode.swift; path = ConfigureNotificationTimeView.swift; sourceTree = "<group>"; };
		BBE68A472579A82900208B3B /* ConfigureNotificationView.swift */ = {isa = PBXFileReference; lastKnownFileType = sourcecode.swift; path = ConfigureNotificationView.swift; sourceTree = "<group>"; };
/* End PBXFileReference section */

/* Begin PBXFrameworksBuildPhase section */
		BBBFEE7A25B61A6700B95742 /* Frameworks */ = {
			isa = PBXFrameworksBuildPhase;
			buildActionMask = 2147483647;
			files = (
				BBBFEE8125B61A6700B95742 /* SwiftUI.framework in Frameworks */,
				BBBFEE7F25B61A6700B95742 /* WidgetKit.framework in Frameworks */,
				BBBFEE9B25B61DB500B95742 /* SwiftDate in Frameworks */,
			);
			runOnlyForDeploymentPostprocessing = 0;
		};
		BBC6BD762618F8F3009BA4D6 /* Frameworks */ = {
			isa = PBXFrameworksBuildPhase;
			buildActionMask = 2147483647;
			files = (
				BBC6BDAA2618FBC6009BA4D6 /* SwiftDate in Frameworks */,
			);
			runOnlyForDeploymentPostprocessing = 0;
		};
		BBD3A298255DD1FB005C19BB /* Frameworks */ = {
			isa = PBXFrameworksBuildPhase;
			buildActionMask = 2147483647;
			files = (
				BB564A6625A7C608002311A9 /* StoreKit.framework in Frameworks */,
				BB97641425928C870075D740 /* TPInAppReceipt in Frameworks */,
				BBD3A2BA255DDFB0005C19BB /* SwiftDate in Frameworks */,
			);
			runOnlyForDeploymentPostprocessing = 0;
		};
/* End PBXFrameworksBuildPhase section */

/* Begin PBXGroup section */
		55726462283BE0E900578F96 /* RaceViews */ = {
			isa = PBXGroup;
			children = (
				55726463283BE10100578F96 /* UpcomingRace.swift */,
				55726465283BE25800578F96 /* FinishedRace.swift */,
			);
			path = RaceViews;
			sourceTree = "<group>";
		};
		558491B7284539670034401F /* SessionRows */ = {
			isa = PBXGroup;
			children = (
				558491B5284531ED0034401F /* SessionRowFinished.swift */,
				558491B82845397B0034401F /* SessionRowUpcoming.swift */,
			);
			path = SessionRows;
			sourceTree = "<group>";
		};
		BB54CBEE25616F7D008E7F28 /* SubscribeViews */ = {
			isa = PBXGroup;
			children = (
				BB54CBF5256174D6008E7F28 /* SubscriptionLevelView.swift */,
				BB54CBF825617AEC008E7F28 /* SubscriptionLevelList.swift */,
				BB8C9DD6256DB5C900D79892 /* SubscriptionSeriesList.swift */,
				55F3EB9D27F5036B004B3E0D /* SubscriptionOptions.swift */,
			);
			path = SubscribeViews;
			sourceTree = "<group>";
		};
		BB54CBF025616F9B008E7F28 /* ConfigureViews */ = {
			isa = PBXGroup;
			children = (
				BB54CBFB25617F10008E7F28 /* ConfigureSeries.swift */,
				BB02D4FA257574D5003EAD83 /* ConfigurationSeriesRowView.swift */,
				BBE68A472579A82900208B3B /* ConfigureNotificationView.swift */,
				BB54CBFE25617F6D008E7F28 /* ConfigureNotificationSeriesView.swift */,
				55F3EB9B27F4E81F004B3E0D /* ConfigureNotificationSessionView.swift */,
				BBE68A442579A35E00208B3B /* ConfigureNotificationTimeView.swift */,
				BB02D4F72571B25D003EAD83 /* ConfigurationNotificationRowView.swift */,
				BBBFEE7425B4494A00B95742 /* ConfigureSoundsView.swift */,
				BBE68A402579857C00208B3B /* TimePickerView.swift */,
			);
			path = ConfigureViews;
			sourceTree = "<group>";
		};
		BB54CBF125616FAF008E7F28 /* CustomisationView */ = {
			isa = PBXGroup;
			children = (
				BB54CC0125617FA0008E7F28 /* CustomiseView.swift */,
				BB54CC0425618053008E7F28 /* AppSelectionView.swift */,
			);
			path = CustomisationView;
			sourceTree = "<group>";
		};
		BB54CBF225616FBE008E7F28 /* CoffeeView */ = {
			isa = PBXGroup;
			children = (
				BB54CC0725618077008E7F28 /* CoffeeView.swift */,
			);
			path = CoffeeView;
			sourceTree = "<group>";
		};
		BB54CBF325616FCB008E7F28 /* PrivacyView */ = {
			isa = PBXGroup;
			children = (
				BB54CC0A256180CA008E7F28 /* PrivacyPolicyView.swift */,
				BB54CC0D256180FA008E7F28 /* TermsAndConditionsView.swift */,
			);
			path = PrivacyView;
			sourceTree = "<group>";
		};
		BB54CBF425616FE0008E7F28 /* BetaView */ = {
			isa = PBXGroup;
			children = (
				BB54CBE825609588008E7F28 /* BetaTestSettingsView.swift */,
			);
			path = BetaView;
			sourceTree = "<group>";
		};
		BB564A5D25A522C7002311A9 /* Frameworks */ = {
			isa = PBXGroup;
			children = (
				BB564A5E25A522C7002311A9 /* StoreKit.framework */,
				BBBFEE7E25B61A6700B95742 /* WidgetKit.framework */,
				BBBFEE8025B61A6700B95742 /* SwiftUI.framework */,
			);
			name = Frameworks;
			sourceTree = "<group>";
		};
		BB565BDE25FE73A70055165A /* Sounds */ = {
			isa = PBXGroup;
			children = (
				BBBFEE6C25B3B42100B95742 /* flyby_notification_bell.aiff */,
				BBBFEE6D25B3B42100B95742 /* flyby_notification_no_bell.aiff */,
				BBBFEE6A25B3B42100B95742 /* notification_1.aiff */,
				BBBFEE6B25B3B42100B95742 /* notification_2.aiff */,
				BBBFEE6925B3B42100B95742 /* notification_3.aiff */,
			);
			path = Sounds;
			sourceTree = "<group>";
		};
		BBBA2D612560540100DC466A /* SettingsViews */ = {
			isa = PBXGroup;
			children = (
				BBE1B82725A0BA3D00BB9D23 /* FAQViews */,
				BB54CBEE25616F7D008E7F28 /* SubscribeViews */,
				BB54CBF025616F9B008E7F28 /* ConfigureViews */,
				BB54CBF125616FAF008E7F28 /* CustomisationView */,
				BB54CBF225616FBE008E7F28 /* CoffeeView */,
				BB54CBF325616FCB008E7F28 /* PrivacyView */,
				BB54CBF425616FE0008E7F28 /* BetaView */,
				BBBA2D622560578100DC466A /* SettingsView.swift */,
				BB54CBE025608859008E7F28 /* SettingsListView.swift */,
				BBBA2D662560589400DC466A /* SettingsLabelView.swift */,
				BB54CBE525608EA9008E7F28 /* SettingsRowView.swift */,
				BB54CBEB2561648D008E7F28 /* SettingsDescriptionView.swift */,
				BB781C1725619F5900186E74 /* SettingsLinkView.swift */,
			);
			path = SettingsViews;
			sourceTree = "<group>";
		};
		BBBFEE8225B61A6700B95742 /* theracingline-widget */ = {
			isa = PBXGroup;
			children = (
				BBBFEE8325B61A6700B95742 /* theracingline_widget.swift */,
				BBBFEE8525B61A6800B95742 /* Assets.xcassets */,
				BBBFEE8725B61A6800B95742 /* Info.plist */,
				BBE5DE5825E6DA8B00B4F93C /* widgetNoRaces.swift */,
				BBE5DE6825E6E12500B4F93C /* dotsRow.swift */,
				55C68172276FD7110057E408 /* widgetNoSub.swift */,
			);
			path = "theracingline-widget";
			sourceTree = "<group>";
		};
		BBC6BD712618F8F0009BA4D6 /* TheRacingLineWatch */ = {
			isa = PBXGroup;
			children = (
				BBC6BD722618F8F3009BA4D6 /* Assets.xcassets */,
				BBC6BD742618F8F3009BA4D6 /* Info.plist */,
			);
			path = TheRacingLineWatch;
			sourceTree = "<group>";
		};
		BBC6BD7D2618F8F3009BA4D6 /* TheRacingLineWatch Extension */ = {
			isa = PBXGroup;
			children = (
				55726462283BE0E900578F96 /* RaceViews */,
				BBC6BD7E2618F8F3009BA4D6 /* theracinglineApp.swift */,
				BBC6BD802618F8F3009BA4D6 /* ContentView.swift */,
				BBC6BD9E2618FB2D009BA4D6 /* WatchListView.swift */,
				BBC6BE2E261CD3BD009BA4D6 /* InfoView.swift */,
				BBC6BD822618F8F3009BA4D6 /* NotificationController.swift */,
				BBC6BD842618F8F3009BA4D6 /* NotificationView.swift */,
				BBC6BD862618F8F3009BA4D6 /* ComplicationController.swift */,
				BBC6BD882618F8F4009BA4D6 /* Assets.xcassets */,
				BBC6BD8D2618F8F4009BA4D6 /* Info.plist */,
				BBC6BD8E2618F8F4009BA4D6 /* PushNotificationPayload.apns */,
				BBC6BD8A2618F8F4009BA4D6 /* Preview Content */,
				BBC6BDD82619FC5B009BA4D6 /* WatchToPhoneDataController.swift */,
			);
			path = "TheRacingLineWatch Extension";
			sourceTree = "<group>";
		};
		BBC6BD8A2618F8F4009BA4D6 /* Preview Content */ = {
			isa = PBXGroup;
			children = (
				BBC6BD8B2618F8F4009BA4D6 /* Preview Assets.xcassets */,
			);
			path = "Preview Content";
			sourceTree = "<group>";
		};
		BBD3A292255DD1FB005C19BB = {
			isa = PBXGroup;
			children = (
				BBBFEE9E25BA210800B95742 /* theracingline-widgetExtension.entitlements */,
				BBD3A29D255DD1FB005C19BB /* theracingline */,
				BBBFEE8225B61A6700B95742 /* theracingline-widget */,
				BBC6BD712618F8F0009BA4D6 /* TheRacingLineWatch */,
				BBC6BD7D2618F8F3009BA4D6 /* TheRacingLineWatch Extension */,
				BBD3A29C255DD1FB005C19BB /* Products */,
				BB564A5D25A522C7002311A9 /* Frameworks */,
			);
			sourceTree = "<group>";
		};
		BBD3A29C255DD1FB005C19BB /* Products */ = {
			isa = PBXGroup;
			children = (
				BBD3A29B255DD1FB005C19BB /* theracingline-iOS.app */,
				BBBFEE7D25B61A6700B95742 /* theracingline-widgetExtension.appex */,
				BBC6BD702618F8F0009BA4D6 /* TheRacingLineWatch.app */,
				BBC6BD792618F8F3009BA4D6 /* TheRacingLineWatch Extension.appex */,
			);
			name = Products;
			sourceTree = "<group>";
		};
		BBD3A29D255DD1FB005C19BB /* theracingline */ = {
			isa = PBXGroup;
			children = (
				BB565BDE25FE73A70055165A /* Sounds */,
				BB217EA925AA0279008B26AF /* theracingline.entitlements */,
				BBD3A29E255DD1FB005C19BB /* theracinglineApp.swift */,
				BB217EA225A9E710008B26AF /* MainView.swift */,
				BB217EA525A9ED64008B26AF /* theracinglineSideBarView.swift */,
				BB8C9DD9256DBB5600D79892 /* theracinglineOnboarding.swift */,
				BBD3A2A0255DD1FB005C19BB /* theracinglineHomeView.swift */,
				BBD3A2BC255DE321005C19BB /* Views */,
				BBD3A2AF255DD4A5005C19BB /* Data */,
				BBD3A2A2255DD1FB005C19BB /* Assets.xcassets */,
				BBD3A2A7255DD1FB005C19BB /* Info.plist */,
				BBD3A2A4255DD1FB005C19BB /* Preview Content */,
				BB6FD1A825A20193004F261D /* Keys.swift */,
			);
			path = theracingline;
			sourceTree = "<group>";
		};
		BBD3A2A4255DD1FB005C19BB /* Preview Content */ = {
			isa = PBXGroup;
			children = (
				BBD3A2A5255DD1FB005C19BB /* Preview Assets.xcassets */,
			);
			path = "Preview Content";
			sourceTree = "<group>";
		};
		BBD3A2AF255DD4A5005C19BB /* Data */ = {
			isa = PBXGroup;
			children = (
				BBD3A2B0255DD4E5005C19BB /* Session.swift */,
				BB3741802586BF22008E96E7 /* StoreManager.swift */,
				BBD3A2B4255DDA03005C19BB /* DataController.swift */,
				BB278623256EEE1000B545D8 /* NotificationController.swift */,
				BBB275B82578285A0011FB58 /* Ad.swift */,
				BBBF5D1E257C1C2E005F50F4 /* Reachability.swift */,
				BBC6BDAF2619ECE8009BA4D6 /* PhoneToWatchDataController.swift */,
			);
			path = Data;
			sourceTree = "<group>";
		};
		BBD3A2BC255DE321005C19BB /* Views */ = {
			isa = PBXGroup;
			children = (
				BBD3A2DA255EA3BA005C19BB /* MainViews */,
				BBD3A2DB255EA3D5005C19BB /* SharedViews */,
				BBD3A2DD255EA3F6005C19BB /* AllSeriesViews */,
				BBBA2D612560540100DC466A /* SettingsViews */,
			);
			path = Views;
			sourceTree = "<group>";
		};
		BBD3A2DA255EA3BA005C19BB /* MainViews */ = {
			isa = PBXGroup;
			children = (
				BBD3A2BD255DE377005C19BB /* TodayView.swift */,
				BBD3A2C8255DFE0F005C19BB /* ThisWeekView.swift */,
				BBD3A2CC255DFEB2005C19BB /* AllRacesView.swift */,
				BBD3A2D5255E9A2C005C19BB /* AllSeriesView.swift */,
			);
			path = MainViews;
			sourceTree = "<group>";
		};
		BBD3A2DB255EA3D5005C19BB /* SharedViews */ = {
			isa = PBXGroup;
			children = (
				558491B7284539670034401F /* SessionRows */,
				BBD3A2C1255DE5E0005C19BB /* SessionListView.swift */,
				55F3EB9F27F73C1B004B3E0D /* SessionListNoFilterView.swift */,
				BBD3A2C4255DE8CA005C19BB /* SessionRowView.swift */,
				BB8C9DD3256D9CC600D79892 /* MoreSeriesButton.swift */,
				BB02D4FF25759027003EAD83 /* AdView.swift */,
				BBE0B02D26FFB493003CE0B4 /* FilterView.swift */,
			);
			path = SharedViews;
			sourceTree = "<group>";
		};
		BBD3A2DD255EA3F6005C19BB /* AllSeriesViews */ = {
			isa = PBXGroup;
			children = (
				BBD3A2CF255E8DE0005C19BB /* SeriesListView.swift */,
				BBD3A2D2255E906E005C19BB /* SeriesRowView.swift */,
				BBD3A2DE255EA502005C19BB /* SeriesSessionRowView.swift */,
				BBD3A2E1255EA621005C19BB /* SeriesSessionListView.swift */,
			);
			path = AllSeriesViews;
			sourceTree = "<group>";
		};
		BBE1B82725A0BA3D00BB9D23 /* FAQViews */ = {
			isa = PBXGroup;
			children = (
				BBE1B82C25A0BA7F00BB9D23 /* FAQView.swift */,
				BB78B75325F0085C0061E39A /* WidgetsFAQ.swift */,
			);
			path = FAQViews;
			sourceTree = "<group>";
		};
/* End PBXGroup section */

/* Begin PBXNativeTarget section */
		BBBFEE7C25B61A6700B95742 /* theracingline-widgetExtension */ = {
			isa = PBXNativeTarget;
			buildConfigurationList = BBBFEE8B25B61A6800B95742 /* Build configuration list for PBXNativeTarget "theracingline-widgetExtension" */;
			buildPhases = (
				BBBFEE7925B61A6700B95742 /* Sources */,
				BBBFEE7A25B61A6700B95742 /* Frameworks */,
				BBBFEE7B25B61A6700B95742 /* Resources */,
			);
			buildRules = (
			);
			dependencies = (
			);
			name = "theracingline-widgetExtension";
			packageProductDependencies = (
				BBBFEE9A25B61DB500B95742 /* SwiftDate */,
			);
			productName = "theracingline-widgetExtension";
			productReference = BBBFEE7D25B61A6700B95742 /* theracingline-widgetExtension.appex */;
			productType = "com.apple.product-type.app-extension";
		};
		BBC6BD6F2618F8F0009BA4D6 /* TheRacingLineWatch */ = {
			isa = PBXNativeTarget;
			buildConfigurationList = BBC6BD962618F8F4009BA4D6 /* Build configuration list for PBXNativeTarget "TheRacingLineWatch" */;
			buildPhases = (
				BBC6BD6E2618F8F0009BA4D6 /* Resources */,
				BBC6BD952618F8F4009BA4D6 /* Embed App Extensions */,
			);
			buildRules = (
			);
			dependencies = (
				BBC6BD7C2618F8F3009BA4D6 /* PBXTargetDependency */,
			);
			name = TheRacingLineWatch;
			productName = TheRacingLineWatch;
			productReference = BBC6BD702618F8F0009BA4D6 /* TheRacingLineWatch.app */;
			productType = "com.apple.product-type.application.watchapp2";
		};
		BBC6BD782618F8F3009BA4D6 /* TheRacingLineWatch Extension */ = {
			isa = PBXNativeTarget;
			buildConfigurationList = BBC6BD922618F8F4009BA4D6 /* Build configuration list for PBXNativeTarget "TheRacingLineWatch Extension" */;
			buildPhases = (
				BBC6BD752618F8F3009BA4D6 /* Sources */,
				BBC6BD762618F8F3009BA4D6 /* Frameworks */,
				BBC6BD772618F8F3009BA4D6 /* Resources */,
			);
			buildRules = (
			);
			dependencies = (
			);
			name = "TheRacingLineWatch Extension";
			packageProductDependencies = (
				BBC6BDA92618FBC6009BA4D6 /* SwiftDate */,
			);
			productName = "TheRacingLineWatch Extension";
			productReference = BBC6BD792618F8F3009BA4D6 /* TheRacingLineWatch Extension.appex */;
			productType = "com.apple.product-type.watchkit2-extension";
		};
		BBD3A29A255DD1FB005C19BB /* theracingline-iOS */ = {
			isa = PBXNativeTarget;
			buildConfigurationList = BBD3A2AA255DD1FB005C19BB /* Build configuration list for PBXNativeTarget "theracingline-iOS" */;
			buildPhases = (
				BBD3A297255DD1FB005C19BB /* Sources */,
				BBD3A298255DD1FB005C19BB /* Frameworks */,
				BBD3A299255DD1FB005C19BB /* Resources */,
				BBBFEE8E25B61A6800B95742 /* Embed App Extensions */,
				BBC6BD992618F8F4009BA4D6 /* Embed Watch Content */,
			);
			buildRules = (
			);
			dependencies = (
				BBBFEE8925B61A6800B95742 /* PBXTargetDependency */,
				BBC6BD902618F8F4009BA4D6 /* PBXTargetDependency */,
			);
			name = "theracingline-iOS";
			packageProductDependencies = (
				BBD3A2B9255DDFB0005C19BB /* SwiftDate */,
				BB97641325928C870075D740 /* TPInAppReceipt */,
			);
			productName = theracingline;
			productReference = BBD3A29B255DD1FB005C19BB /* theracingline-iOS.app */;
			productType = "com.apple.product-type.application";
		};
/* End PBXNativeTarget section */

/* Begin PBXProject section */
		BBD3A293255DD1FB005C19BB /* Project object */ = {
			isa = PBXProject;
			attributes = {
				LastSwiftUpdateCheck = 1240;
				LastUpgradeCheck = 1210;
				TargetAttributes = {
					BBBFEE7C25B61A6700B95742 = {
						CreatedOnToolsVersion = 12.3;
					};
					BBC6BD6F2618F8F0009BA4D6 = {
						CreatedOnToolsVersion = 12.4;
					};
					BBC6BD782618F8F3009BA4D6 = {
						CreatedOnToolsVersion = 12.4;
					};
					BBD3A29A255DD1FB005C19BB = {
						CreatedOnToolsVersion = 12.1;
					};
				};
			};
			buildConfigurationList = BBD3A296255DD1FB005C19BB /* Build configuration list for PBXProject "theracingline" */;
			compatibilityVersion = "Xcode 9.3";
			developmentRegion = en;
			hasScannedForEncodings = 0;
			knownRegions = (
				en,
				Base,
			);
			mainGroup = BBD3A292255DD1FB005C19BB;
			packageReferences = (
				BBD3A2B8255DDFB0005C19BB /* XCRemoteSwiftPackageReference "SwiftDate" */,
				BB97641225928C870075D740 /* XCRemoteSwiftPackageReference "TPInAppReceipt" */,
			);
			productRefGroup = BBD3A29C255DD1FB005C19BB /* Products */;
			projectDirPath = "";
			projectRoot = "";
			targets = (
				BBD3A29A255DD1FB005C19BB /* theracingline-iOS */,
				BBBFEE7C25B61A6700B95742 /* theracingline-widgetExtension */,
				BBC6BD6F2618F8F0009BA4D6 /* TheRacingLineWatch */,
				BBC6BD782618F8F3009BA4D6 /* TheRacingLineWatch Extension */,
			);
		};
/* End PBXProject section */

/* Begin PBXResourcesBuildPhase section */
		BBBFEE7B25B61A6700B95742 /* Resources */ = {
			isa = PBXResourcesBuildPhase;
			buildActionMask = 2147483647;
			files = (
				BBBFEE8625B61A6800B95742 /* Assets.xcassets in Resources */,
			);
			runOnlyForDeploymentPostprocessing = 0;
		};
		BBC6BD6E2618F8F0009BA4D6 /* Resources */ = {
			isa = PBXResourcesBuildPhase;
			buildActionMask = 2147483647;
			files = (
				BBC6BD732618F8F3009BA4D6 /* Assets.xcassets in Resources */,
			);
			runOnlyForDeploymentPostprocessing = 0;
		};
		BBC6BD772618F8F3009BA4D6 /* Resources */ = {
			isa = PBXResourcesBuildPhase;
			buildActionMask = 2147483647;
			files = (
				BBC6BD8C2618F8F4009BA4D6 /* Preview Assets.xcassets in Resources */,
				BBC6BD892618F8F4009BA4D6 /* Assets.xcassets in Resources */,
			);
			runOnlyForDeploymentPostprocessing = 0;
		};
		BBD3A299255DD1FB005C19BB /* Resources */ = {
			isa = PBXResourcesBuildPhase;
			buildActionMask = 2147483647;
			files = (
				BBBFEE7025B3B42100B95742 /* notification_2.aiff in Resources */,
				BBBFEE6E25B3B42100B95742 /* notification_3.aiff in Resources */,
				BBBFEE7125B3B42100B95742 /* flyby_notification_bell.aiff in Resources */,
				BBD3A2A6255DD1FB005C19BB /* Preview Assets.xcassets in Resources */,
				BBBFEE7225B3B42100B95742 /* flyby_notification_no_bell.aiff in Resources */,
				BBBFEE6F25B3B42100B95742 /* notification_1.aiff in Resources */,
				BBD3A2A3255DD1FB005C19BB /* Assets.xcassets in Resources */,
			);
			runOnlyForDeploymentPostprocessing = 0;
		};
/* End PBXResourcesBuildPhase section */

/* Begin PBXSourcesBuildPhase section */
		BBBFEE7925B61A6700B95742 /* Sources */ = {
			isa = PBXSourcesBuildPhase;
			buildActionMask = 2147483647;
			files = (
				BBBFEE9125B61CA000B95742 /* Session.swift in Sources */,
				BBBFEE9725B61D8C00B95742 /* Keys.swift in Sources */,
				BBBFEE9425B61D6300B95742 /* DataController.swift in Sources */,
				BBC6BDC32619F333009BA4D6 /* PhoneToWatchDataController.swift in Sources */,
				BBBFEE8425B61A6700B95742 /* theracingline_widget.swift in Sources */,
				BBE5DE6925E6E12500B4F93C /* dotsRow.swift in Sources */,
				BBE5DE5925E6DA8B00B4F93C /* widgetNoRaces.swift in Sources */,
				55C68173276FD7110057E408 /* widgetNoSub.swift in Sources */,
			);
			runOnlyForDeploymentPostprocessing = 0;
		};
		BBC6BD752618F8F3009BA4D6 /* Sources */ = {
			isa = PBXSourcesBuildPhase;
			buildActionMask = 2147483647;
			files = (
				BBC6BDA42618FB61009BA4D6 /* Session.swift in Sources */,
				BBC6BD832618F8F3009BA4D6 /* NotificationController.swift in Sources */,
				BBC6BDD92619FC5B009BA4D6 /* WatchToPhoneDataController.swift in Sources */,
				BBC6BD812618F8F3009BA4D6 /* ContentView.swift in Sources */,
				BBC6BD872618F8F3009BA4D6 /* ComplicationController.swift in Sources */,
				BBC6BD7F2618F8F3009BA4D6 /* theracinglineApp.swift in Sources */,
				55726466283BE25800578F96 /* FinishedRace.swift in Sources */,
				BBC6BD9F2618FB2D009BA4D6 /* WatchListView.swift in Sources */,
				BBC6BE2F261CD3BD009BA4D6 /* InfoView.swift in Sources */,
				55726464283BE10100578F96 /* UpcomingRace.swift in Sources */,
				BBC6BD852618F8F3009BA4D6 /* NotificationView.swift in Sources */,
			);
			runOnlyForDeploymentPostprocessing = 0;
		};
		BBD3A297255DD1FB005C19BB /* Sources */ = {
			isa = PBXSourcesBuildPhase;
			buildActionMask = 2147483647;
			files = (
				BBE68A482579A82900208B3B /* ConfigureNotificationView.swift in Sources */,
				BBBA2D632560578100DC466A /* SettingsView.swift in Sources */,
				BBD3A2E2255EA621005C19BB /* SeriesSessionListView.swift in Sources */,
				BB54CBFC25617F10008E7F28 /* ConfigureSeries.swift in Sources */,
				BB8C9DD7256DB5C900D79892 /* SubscriptionSeriesList.swift in Sources */,
				BB8C9DDA256DBB5600D79892 /* theracinglineOnboarding.swift in Sources */,
				BB54CC0525618053008E7F28 /* AppSelectionView.swift in Sources */,
				BB54CBFF25617F6D008E7F28 /* ConfigureNotificationSeriesView.swift in Sources */,
				BBD3A2A1255DD1FB005C19BB /* theracinglineHomeView.swift in Sources */,
				BBD3A2C5255DE8CA005C19BB /* SessionRowView.swift in Sources */,
				BBE0B02E26FFB493003CE0B4 /* FilterView.swift in Sources */,
				BBE68A452579A35E00208B3B /* ConfigureNotificationTimeView.swift in Sources */,
				BB781C1825619F5900186E74 /* SettingsLinkView.swift in Sources */,
				BB54CBEC2561648D008E7F28 /* SettingsDescriptionView.swift in Sources */,
				558491B6284531ED0034401F /* SessionRowFinished.swift in Sources */,
				55F3EB9E27F5036B004B3E0D /* SubscriptionOptions.swift in Sources */,
				BBD3A2CD255DFEB2005C19BB /* AllRacesView.swift in Sources */,
				BBC6BDB52619ED09009BA4D6 /* PhoneToWatchDataController.swift in Sources */,
				BBBF5D1F257C1C2F005F50F4 /* Reachability.swift in Sources */,
				BB02D4F82571B25D003EAD83 /* ConfigurationNotificationRowView.swift in Sources */,
				BB278624256EEE1000B545D8 /* NotificationController.swift in Sources */,
				BB54CBE125608859008E7F28 /* SettingsListView.swift in Sources */,
				BB8C9DD4256D9CC600D79892 /* MoreSeriesButton.swift in Sources */,
				BB217EA325A9E710008B26AF /* MainView.swift in Sources */,
				BBD3A2C2255DE5E0005C19BB /* SessionListView.swift in Sources */,
				BBD3A2B5255DDA03005C19BB /* DataController.swift in Sources */,
				BB54CBF925617AEC008E7F28 /* SubscriptionLevelList.swift in Sources */,
				BB54CBE625608EA9008E7F28 /* SettingsRowView.swift in Sources */,
				BB54CBF6256174D6008E7F28 /* SubscriptionLevelView.swift in Sources */,
				BB3741812586BF22008E96E7 /* StoreManager.swift in Sources */,
				BBD3A2D6255E9A2C005C19BB /* AllSeriesView.swift in Sources */,
				BB02D4FB257574D5003EAD83 /* ConfigurationSeriesRowView.swift in Sources */,
				BB54CC0B256180CA008E7F28 /* PrivacyPolicyView.swift in Sources */,
				BBD3A2D0255E8DE0005C19BB /* SeriesListView.swift in Sources */,
				BB02D50025759027003EAD83 /* AdView.swift in Sources */,
				BB78B75425F0085C0061E39A /* WidgetsFAQ.swift in Sources */,
				BBD3A2C9255DFE0F005C19BB /* ThisWeekView.swift in Sources */,
				55F3EBA027F73C1B004B3E0D /* SessionListNoFilterView.swift in Sources */,
				BBD3A29F255DD1FB005C19BB /* theracinglineApp.swift in Sources */,
				BBD3A2BE255DE377005C19BB /* TodayView.swift in Sources */,
				BB217EA625A9ED64008B26AF /* theracinglineSideBarView.swift in Sources */,
				558491B92845397B0034401F /* SessionRowUpcoming.swift in Sources */,
				BB54CC0E256180FA008E7F28 /* TermsAndConditionsView.swift in Sources */,
				BB6FD1A925A20193004F261D /* Keys.swift in Sources */,
				BB54CC0825618077008E7F28 /* CoffeeView.swift in Sources */,
				BBD3A2DF255EA502005C19BB /* SeriesSessionRowView.swift in Sources */,
				BBD3A2B1255DD4E5005C19BB /* Session.swift in Sources */,
				BBBA2D672560589400DC466A /* SettingsLabelView.swift in Sources */,
				BBE68A412579857C00208B3B /* TimePickerView.swift in Sources */,
				55F3EB9C27F4E81F004B3E0D /* ConfigureNotificationSessionView.swift in Sources */,
				BBD3A2D3255E906E005C19BB /* SeriesRowView.swift in Sources */,
				BB54CC0225617FA0008E7F28 /* CustomiseView.swift in Sources */,
				BBB275B92578285A0011FB58 /* Ad.swift in Sources */,
				BBBFEE7525B4494A00B95742 /* ConfigureSoundsView.swift in Sources */,
				BB54CBE925609588008E7F28 /* BetaTestSettingsView.swift in Sources */,
				BBE1B82D25A0BA7F00BB9D23 /* FAQView.swift in Sources */,
			);
			runOnlyForDeploymentPostprocessing = 0;
		};
/* End PBXSourcesBuildPhase section */

/* Begin PBXTargetDependency section */
		BBBFEE8925B61A6800B95742 /* PBXTargetDependency */ = {
			isa = PBXTargetDependency;
			target = BBBFEE7C25B61A6700B95742 /* theracingline-widgetExtension */;
			targetProxy = BBBFEE8825B61A6800B95742 /* PBXContainerItemProxy */;
		};
		BBC6BD7C2618F8F3009BA4D6 /* PBXTargetDependency */ = {
			isa = PBXTargetDependency;
			target = BBC6BD782618F8F3009BA4D6 /* TheRacingLineWatch Extension */;
			targetProxy = BBC6BD7B2618F8F3009BA4D6 /* PBXContainerItemProxy */;
		};
		BBC6BD902618F8F4009BA4D6 /* PBXTargetDependency */ = {
			isa = PBXTargetDependency;
			target = BBC6BD6F2618F8F0009BA4D6 /* TheRacingLineWatch */;
			targetProxy = BBC6BD8F2618F8F4009BA4D6 /* PBXContainerItemProxy */;
		};
/* End PBXTargetDependency section */

/* Begin XCBuildConfiguration section */
		BBBFEE8C25B61A6800B95742 /* Debug */ = {
			isa = XCBuildConfiguration;
			buildSettings = {
				ASSETCATALOG_COMPILER_GLOBAL_ACCENT_COLOR_NAME = AccentColor;
				ASSETCATALOG_COMPILER_WIDGET_BACKGROUND_COLOR_NAME = WidgetBackground;
				CODE_SIGN_ENTITLEMENTS = "theracingline-widgetExtension.entitlements";
				CODE_SIGN_IDENTITY = "Apple Development";
				CODE_SIGN_STYLE = Automatic;
				CURRENT_PROJECT_VERSION = 2;
				DEVELOPMENT_TEAM = 5D7DMNG452;
				INFOPLIST_FILE = "theracingline-widget/Info.plist";
				IPHONEOS_DEPLOYMENT_TARGET = 14.3;
				LD_RUNPATH_SEARCH_PATHS = (
					"$(inherited)",
					"@executable_path/Frameworks",
					"@executable_path/../../Frameworks",
				);
				MARKETING_VERSION = 1.48;
				PRODUCT_BUNDLE_IDENTIFIER = "dev.daveellis.theracingline.theracingline-widget";
				PRODUCT_NAME = "$(TARGET_NAME)";
				PROVISIONING_PROFILE_SPECIFIER = "";
				SKIP_INSTALL = YES;
				SWIFT_VERSION = 5.0;
				TARGETED_DEVICE_FAMILY = "1,2";
			};
			name = Debug;
		};
		BBBFEE8D25B61A6800B95742 /* Release */ = {
			isa = XCBuildConfiguration;
			buildSettings = {
				ASSETCATALOG_COMPILER_GLOBAL_ACCENT_COLOR_NAME = AccentColor;
				ASSETCATALOG_COMPILER_WIDGET_BACKGROUND_COLOR_NAME = WidgetBackground;
				CODE_SIGN_ENTITLEMENTS = "theracingline-widgetExtension.entitlements";
				CODE_SIGN_IDENTITY = "Apple Development";
				CODE_SIGN_STYLE = Automatic;
				CURRENT_PROJECT_VERSION = 2;
				DEVELOPMENT_TEAM = 5D7DMNG452;
				INFOPLIST_FILE = "theracingline-widget/Info.plist";
				IPHONEOS_DEPLOYMENT_TARGET = 14.3;
				LD_RUNPATH_SEARCH_PATHS = (
					"$(inherited)",
					"@executable_path/Frameworks",
					"@executable_path/../../Frameworks",
				);
				MARKETING_VERSION = 1.48;
				PRODUCT_BUNDLE_IDENTIFIER = "dev.daveellis.theracingline.theracingline-widget";
				PRODUCT_NAME = "$(TARGET_NAME)";
				PROVISIONING_PROFILE_SPECIFIER = "";
				SKIP_INSTALL = YES;
				SWIFT_VERSION = 5.0;
				TARGETED_DEVICE_FAMILY = "1,2";
			};
			name = Release;
		};
		BBC6BD932618F8F4009BA4D6 /* Debug */ = {
			isa = XCBuildConfiguration;
			buildSettings = {
				ASSETCATALOG_COMPILER_COMPLICATION_NAME = Complication;
				CODE_SIGN_STYLE = Automatic;
				CURRENT_PROJECT_VERSION = 2;
				DEVELOPMENT_ASSET_PATHS = "\"TheRacingLineWatch Extension/Preview Content\"";
				DEVELOPMENT_TEAM = 5D7DMNG452;
				ENABLE_PREVIEWS = YES;
				INFOPLIST_FILE = "TheRacingLineWatch Extension/Info.plist";
				LD_RUNPATH_SEARCH_PATHS = (
					"$(inherited)",
					"@executable_path/Frameworks",
					"@executable_path/../../Frameworks",
				);
				MARKETING_VERSION = 1.48;
				PRODUCT_BUNDLE_IDENTIFIER = dev.daveellis.theracingline.watchkitapp.watchkitextension;
				PRODUCT_NAME = "${TARGET_NAME}";
				SDKROOT = watchos;
				SKIP_INSTALL = YES;
				SWIFT_VERSION = 5.0;
				TARGETED_DEVICE_FAMILY = 4;
				WATCHOS_DEPLOYMENT_TARGET = 7.2;
			};
			name = Debug;
		};
		BBC6BD942618F8F4009BA4D6 /* Release */ = {
			isa = XCBuildConfiguration;
			buildSettings = {
				ASSETCATALOG_COMPILER_COMPLICATION_NAME = Complication;
				CODE_SIGN_STYLE = Automatic;
				CURRENT_PROJECT_VERSION = 2;
				DEVELOPMENT_ASSET_PATHS = "\"TheRacingLineWatch Extension/Preview Content\"";
				DEVELOPMENT_TEAM = 5D7DMNG452;
				ENABLE_PREVIEWS = YES;
				INFOPLIST_FILE = "TheRacingLineWatch Extension/Info.plist";
				LD_RUNPATH_SEARCH_PATHS = (
					"$(inherited)",
					"@executable_path/Frameworks",
					"@executable_path/../../Frameworks",
				);
				MARKETING_VERSION = 1.48;
				PRODUCT_BUNDLE_IDENTIFIER = dev.daveellis.theracingline.watchkitapp.watchkitextension;
				PRODUCT_NAME = "${TARGET_NAME}";
				SDKROOT = watchos;
				SKIP_INSTALL = YES;
				SWIFT_VERSION = 5.0;
				TARGETED_DEVICE_FAMILY = 4;
				WATCHOS_DEPLOYMENT_TARGET = 7.2;
			};
			name = Release;
		};
		BBC6BD972618F8F4009BA4D6 /* Debug */ = {
			isa = XCBuildConfiguration;
			buildSettings = {
				ALWAYS_EMBED_SWIFT_STANDARD_LIBRARIES = YES;
				ASSETCATALOG_COMPILER_APPICON_NAME = AppIcon;
				ASSETCATALOG_COMPILER_GLOBAL_ACCENT_COLOR_NAME = AccentColor;
				ASSETCATALOG_COMPILER_INCLUDE_ALL_APPICON_ASSETS = NO;
				CODE_SIGN_STYLE = Automatic;
				CURRENT_PROJECT_VERSION = 2;
				DEVELOPMENT_TEAM = 5D7DMNG452;
				IBSC_MODULE = TheRacingLineWatch_Extension;
				INFOPLIST_FILE = TheRacingLineWatch/Info.plist;
				MARKETING_VERSION = 1.48;
				PRODUCT_BUNDLE_IDENTIFIER = dev.daveellis.theracingline.watchkitapp;
				PRODUCT_NAME = "$(TARGET_NAME)";
				SDKROOT = watchos;
				SKIP_INSTALL = YES;
				SWIFT_VERSION = 5.0;
				TARGETED_DEVICE_FAMILY = 4;
				WATCHOS_DEPLOYMENT_TARGET = 7.2;
			};
			name = Debug;
		};
		BBC6BD982618F8F4009BA4D6 /* Release */ = {
			isa = XCBuildConfiguration;
			buildSettings = {
				ALWAYS_EMBED_SWIFT_STANDARD_LIBRARIES = YES;
				ASSETCATALOG_COMPILER_APPICON_NAME = AppIcon;
				ASSETCATALOG_COMPILER_GLOBAL_ACCENT_COLOR_NAME = AccentColor;
				ASSETCATALOG_COMPILER_INCLUDE_ALL_APPICON_ASSETS = NO;
				CODE_SIGN_STYLE = Automatic;
				CURRENT_PROJECT_VERSION = 2;
				DEVELOPMENT_TEAM = 5D7DMNG452;
				IBSC_MODULE = TheRacingLineWatch_Extension;
				INFOPLIST_FILE = TheRacingLineWatch/Info.plist;
				MARKETING_VERSION = 1.48;
				PRODUCT_BUNDLE_IDENTIFIER = dev.daveellis.theracingline.watchkitapp;
				PRODUCT_NAME = "$(TARGET_NAME)";
				SDKROOT = watchos;
				SKIP_INSTALL = YES;
				SWIFT_VERSION = 5.0;
				TARGETED_DEVICE_FAMILY = 4;
				WATCHOS_DEPLOYMENT_TARGET = 7.2;
			};
			name = Release;
		};
		BBD3A2A8255DD1FB005C19BB /* Debug */ = {
			isa = XCBuildConfiguration;
			buildSettings = {
				ALWAYS_SEARCH_USER_PATHS = NO;
				CLANG_ANALYZER_NONNULL = YES;
				CLANG_ANALYZER_NUMBER_OBJECT_CONVERSION = YES_AGGRESSIVE;
				CLANG_CXX_LANGUAGE_STANDARD = "gnu++14";
				CLANG_CXX_LIBRARY = "libc++";
				CLANG_ENABLE_MODULES = YES;
				CLANG_ENABLE_OBJC_ARC = YES;
				CLANG_ENABLE_OBJC_WEAK = YES;
				CLANG_WARN_BLOCK_CAPTURE_AUTORELEASING = YES;
				CLANG_WARN_BOOL_CONVERSION = YES;
				CLANG_WARN_COMMA = YES;
				CLANG_WARN_CONSTANT_CONVERSION = YES;
				CLANG_WARN_DEPRECATED_OBJC_IMPLEMENTATIONS = YES;
				CLANG_WARN_DIRECT_OBJC_ISA_USAGE = YES_ERROR;
				CLANG_WARN_DOCUMENTATION_COMMENTS = YES;
				CLANG_WARN_EMPTY_BODY = YES;
				CLANG_WARN_ENUM_CONVERSION = YES;
				CLANG_WARN_INFINITE_RECURSION = YES;
				CLANG_WARN_INT_CONVERSION = YES;
				CLANG_WARN_NON_LITERAL_NULL_CONVERSION = YES;
				CLANG_WARN_OBJC_IMPLICIT_RETAIN_SELF = YES;
				CLANG_WARN_OBJC_LITERAL_CONVERSION = YES;
				CLANG_WARN_OBJC_ROOT_CLASS = YES_ERROR;
				CLANG_WARN_QUOTED_INCLUDE_IN_FRAMEWORK_HEADER = YES;
				CLANG_WARN_RANGE_LOOP_ANALYSIS = YES;
				CLANG_WARN_STRICT_PROTOTYPES = YES;
				CLANG_WARN_SUSPICIOUS_MOVE = YES;
				CLANG_WARN_UNGUARDED_AVAILABILITY = YES_AGGRESSIVE;
				CLANG_WARN_UNREACHABLE_CODE = YES;
				CLANG_WARN__DUPLICATE_METHOD_MATCH = YES;
				COPY_PHASE_STRIP = NO;
				DEBUG_INFORMATION_FORMAT = dwarf;
				ENABLE_STRICT_OBJC_MSGSEND = YES;
				ENABLE_TESTABILITY = YES;
				GCC_C_LANGUAGE_STANDARD = gnu11;
				GCC_DYNAMIC_NO_PIC = NO;
				GCC_NO_COMMON_BLOCKS = YES;
				GCC_OPTIMIZATION_LEVEL = 0;
				GCC_PREPROCESSOR_DEFINITIONS = (
					"DEBUG=1",
					"$(inherited)",
				);
				GCC_WARN_64_TO_32_BIT_CONVERSION = YES;
				GCC_WARN_ABOUT_RETURN_TYPE = YES_ERROR;
				GCC_WARN_UNDECLARED_SELECTOR = YES;
				GCC_WARN_UNINITIALIZED_AUTOS = YES_AGGRESSIVE;
				GCC_WARN_UNUSED_FUNCTION = YES;
				GCC_WARN_UNUSED_VARIABLE = YES;
				IPHONEOS_DEPLOYMENT_TARGET = 14.1;
				MTL_ENABLE_DEBUG_INFO = INCLUDE_SOURCE;
				MTL_FAST_MATH = YES;
				ONLY_ACTIVE_ARCH = YES;
				SDKROOT = iphoneos;
				SWIFT_ACTIVE_COMPILATION_CONDITIONS = DEBUG;
				SWIFT_OPTIMIZATION_LEVEL = "-Onone";
			};
			name = Debug;
		};
		BBD3A2A9255DD1FB005C19BB /* Release */ = {
			isa = XCBuildConfiguration;
			buildSettings = {
				ALWAYS_SEARCH_USER_PATHS = NO;
				CLANG_ANALYZER_NONNULL = YES;
				CLANG_ANALYZER_NUMBER_OBJECT_CONVERSION = YES_AGGRESSIVE;
				CLANG_CXX_LANGUAGE_STANDARD = "gnu++14";
				CLANG_CXX_LIBRARY = "libc++";
				CLANG_ENABLE_MODULES = YES;
				CLANG_ENABLE_OBJC_ARC = YES;
				CLANG_ENABLE_OBJC_WEAK = YES;
				CLANG_WARN_BLOCK_CAPTURE_AUTORELEASING = YES;
				CLANG_WARN_BOOL_CONVERSION = YES;
				CLANG_WARN_COMMA = YES;
				CLANG_WARN_CONSTANT_CONVERSION = YES;
				CLANG_WARN_DEPRECATED_OBJC_IMPLEMENTATIONS = YES;
				CLANG_WARN_DIRECT_OBJC_ISA_USAGE = YES_ERROR;
				CLANG_WARN_DOCUMENTATION_COMMENTS = YES;
				CLANG_WARN_EMPTY_BODY = YES;
				CLANG_WARN_ENUM_CONVERSION = YES;
				CLANG_WARN_INFINITE_RECURSION = YES;
				CLANG_WARN_INT_CONVERSION = YES;
				CLANG_WARN_NON_LITERAL_NULL_CONVERSION = YES;
				CLANG_WARN_OBJC_IMPLICIT_RETAIN_SELF = YES;
				CLANG_WARN_OBJC_LITERAL_CONVERSION = YES;
				CLANG_WARN_OBJC_ROOT_CLASS = YES_ERROR;
				CLANG_WARN_QUOTED_INCLUDE_IN_FRAMEWORK_HEADER = YES;
				CLANG_WARN_RANGE_LOOP_ANALYSIS = YES;
				CLANG_WARN_STRICT_PROTOTYPES = YES;
				CLANG_WARN_SUSPICIOUS_MOVE = YES;
				CLANG_WARN_UNGUARDED_AVAILABILITY = YES_AGGRESSIVE;
				CLANG_WARN_UNREACHABLE_CODE = YES;
				CLANG_WARN__DUPLICATE_METHOD_MATCH = YES;
				COPY_PHASE_STRIP = NO;
				DEBUG_INFORMATION_FORMAT = "dwarf-with-dsym";
				ENABLE_NS_ASSERTIONS = NO;
				ENABLE_STRICT_OBJC_MSGSEND = YES;
				GCC_C_LANGUAGE_STANDARD = gnu11;
				GCC_NO_COMMON_BLOCKS = YES;
				GCC_WARN_64_TO_32_BIT_CONVERSION = YES;
				GCC_WARN_ABOUT_RETURN_TYPE = YES_ERROR;
				GCC_WARN_UNDECLARED_SELECTOR = YES;
				GCC_WARN_UNINITIALIZED_AUTOS = YES_AGGRESSIVE;
				GCC_WARN_UNUSED_FUNCTION = YES;
				GCC_WARN_UNUSED_VARIABLE = YES;
				IPHONEOS_DEPLOYMENT_TARGET = 14.1;
				MTL_ENABLE_DEBUG_INFO = NO;
				MTL_FAST_MATH = YES;
				SDKROOT = iphoneos;
				SWIFT_COMPILATION_MODE = wholemodule;
				SWIFT_OPTIMIZATION_LEVEL = "-O";
				VALIDATE_PRODUCT = YES;
			};
			name = Release;
		};
		BBD3A2AB255DD1FB005C19BB /* Debug */ = {
			isa = XCBuildConfiguration;
			buildSettings = {
				ALWAYS_EMBED_SWIFT_STANDARD_LIBRARIES = YES;
				ASSETCATALOG_COMPILER_APPICON_NAME = AppIcon;
				ASSETCATALOG_COMPILER_GLOBAL_ACCENT_COLOR_NAME = AccentColor;
				BUILD_LIBRARY_FOR_DISTRIBUTION = YES;
				CODE_SIGN_ENTITLEMENTS = theracingline/theracingline.entitlements;
				CODE_SIGN_STYLE = Automatic;
				CURRENT_PROJECT_VERSION = 2;
				DEVELOPMENT_ASSET_PATHS = "\"theracingline/Preview Content\"";
				DEVELOPMENT_TEAM = 5D7DMNG452;
				ENABLE_PREVIEWS = YES;
				INFOPLIST_FILE = theracingline/Info.plist;
				IPHONEOS_DEPLOYMENT_TARGET = 15.0;
				LD_RUNPATH_SEARCH_PATHS = (
					"$(inherited)",
					"@executable_path/Frameworks",
				);
				MARKETING_VERSION = 1.48;
				NEW_SETTING = "";
				PRODUCT_BUNDLE_IDENTIFIER = dev.daveellis.theracingline;
				PRODUCT_NAME = "$(TARGET_NAME)";
				SUPPORTS_MACCATALYST = NO;
				SWIFT_VERSION = 5.0;
				TARGETED_DEVICE_FAMILY = "1,2";
			};
			name = Debug;
		};
		BBD3A2AC255DD1FB005C19BB /* Release */ = {
			isa = XCBuildConfiguration;
			buildSettings = {
				ALWAYS_EMBED_SWIFT_STANDARD_LIBRARIES = YES;
				ASSETCATALOG_COMPILER_APPICON_NAME = AppIcon;
				ASSETCATALOG_COMPILER_GLOBAL_ACCENT_COLOR_NAME = AccentColor;
				BUILD_LIBRARY_FOR_DISTRIBUTION = YES;
				CODE_SIGN_ENTITLEMENTS = theracingline/theracingline.entitlements;
				CODE_SIGN_STYLE = Automatic;
				CURRENT_PROJECT_VERSION = 2;
				DEVELOPMENT_ASSET_PATHS = "\"theracingline/Preview Content\"";
				DEVELOPMENT_TEAM = 5D7DMNG452;
				ENABLE_PREVIEWS = YES;
				INFOPLIST_FILE = theracingline/Info.plist;
				IPHONEOS_DEPLOYMENT_TARGET = 15.0;
				LD_RUNPATH_SEARCH_PATHS = (
					"$(inherited)",
					"@executable_path/Frameworks",
				);
				MARKETING_VERSION = 1.48;
				NEW_SETTING = "";
				PRODUCT_BUNDLE_IDENTIFIER = dev.daveellis.theracingline;
				PRODUCT_NAME = "$(TARGET_NAME)";
				SUPPORTS_MACCATALYST = NO;
				SWIFT_VERSION = 5.0;
				TARGETED_DEVICE_FAMILY = "1,2";
			};
			name = Release;
		};
/* End XCBuildConfiguration section */

/* Begin XCConfigurationList section */
		BBBFEE8B25B61A6800B95742 /* Build configuration list for PBXNativeTarget "theracingline-widgetExtension" */ = {
			isa = XCConfigurationList;
			buildConfigurations = (
				BBBFEE8C25B61A6800B95742 /* Debug */,
				BBBFEE8D25B61A6800B95742 /* Release */,
			);
			defaultConfigurationIsVisible = 0;
			defaultConfigurationName = Release;
		};
		BBC6BD922618F8F4009BA4D6 /* Build configuration list for PBXNativeTarget "TheRacingLineWatch Extension" */ = {
			isa = XCConfigurationList;
			buildConfigurations = (
				BBC6BD932618F8F4009BA4D6 /* Debug */,
				BBC6BD942618F8F4009BA4D6 /* Release */,
			);
			defaultConfigurationIsVisible = 0;
			defaultConfigurationName = Release;
		};
		BBC6BD962618F8F4009BA4D6 /* Build configuration list for PBXNativeTarget "TheRacingLineWatch" */ = {
			isa = XCConfigurationList;
			buildConfigurations = (
				BBC6BD972618F8F4009BA4D6 /* Debug */,
				BBC6BD982618F8F4009BA4D6 /* Release */,
			);
			defaultConfigurationIsVisible = 0;
			defaultConfigurationName = Release;
		};
		BBD3A296255DD1FB005C19BB /* Build configuration list for PBXProject "theracingline" */ = {
			isa = XCConfigurationList;
			buildConfigurations = (
				BBD3A2A8255DD1FB005C19BB /* Debug */,
				BBD3A2A9255DD1FB005C19BB /* Release */,
			);
			defaultConfigurationIsVisible = 0;
			defaultConfigurationName = Release;
		};
		BBD3A2AA255DD1FB005C19BB /* Build configuration list for PBXNativeTarget "theracingline-iOS" */ = {
			isa = XCConfigurationList;
			buildConfigurations = (
				BBD3A2AB255DD1FB005C19BB /* Debug */,
				BBD3A2AC255DD1FB005C19BB /* Release */,
			);
			defaultConfigurationIsVisible = 0;
			defaultConfigurationName = Release;
		};
/* End XCConfigurationList section */

/* Begin XCRemoteSwiftPackageReference section */
		BB97641225928C870075D740 /* XCRemoteSwiftPackageReference "TPInAppReceipt" */ = {
			isa = XCRemoteSwiftPackageReference;
			repositoryURL = "https://github.com/tikhop/TPInAppReceipt.git";
			requirement = {
				kind = upToNextMajorVersion;
				minimumVersion = 3.0.2;
			};
		};
		BBD3A2B8255DDFB0005C19BB /* XCRemoteSwiftPackageReference "SwiftDate" */ = {
			isa = XCRemoteSwiftPackageReference;
			repositoryURL = "https://github.com/malcommac/SwiftDate.git";
			requirement = {
				kind = upToNextMajorVersion;
				minimumVersion = 6.2.0;
			};
		};
/* End XCRemoteSwiftPackageReference section */

/* Begin XCSwiftPackageProductDependency section */
		BB97641325928C870075D740 /* TPInAppReceipt */ = {
			isa = XCSwiftPackageProductDependency;
			package = BB97641225928C870075D740 /* XCRemoteSwiftPackageReference "TPInAppReceipt" */;
			productName = TPInAppReceipt;
		};
		BBBFEE9A25B61DB500B95742 /* SwiftDate */ = {
			isa = XCSwiftPackageProductDependency;
			package = BBD3A2B8255DDFB0005C19BB /* XCRemoteSwiftPackageReference "SwiftDate" */;
			productName = SwiftDate;
		};
		BBC6BDA92618FBC6009BA4D6 /* SwiftDate */ = {
			isa = XCSwiftPackageProductDependency;
			package = BBD3A2B8255DDFB0005C19BB /* XCRemoteSwiftPackageReference "SwiftDate" */;
			productName = SwiftDate;
		};
		BBD3A2B9255DDFB0005C19BB /* SwiftDate */ = {
			isa = XCSwiftPackageProductDependency;
			package = BBD3A2B8255DDFB0005C19BB /* XCRemoteSwiftPackageReference "SwiftDate" */;
			productName = SwiftDate;
		};
/* End XCSwiftPackageProductDependency section */
	};
	rootObject = BBD3A293255DD1FB005C19BB /* Project object */;
}
